// !$*UTF8*$!
{
	archiveVersion = 1;
	classes = {
	};
	objectVersion = 56;
	objects = {

/* Begin PBXBuildFile section */
		BB0365D22C16E13C00A84762 /* CollectionViewController.swift in Sources */ = {isa = PBXBuildFile; fileRef = BB0365D12C16E13C00A84762 /* CollectionViewController.swift */; };
		BB03B3422C16C27C004FC6CC /* AppDelegate.swift in Sources */ = {isa = PBXBuildFile; fileRef = BB03B3412C16C27C004FC6CC /* AppDelegate.swift */; };
		BB03B3442C16C27C004FC6CC /* SceneDelegate.swift in Sources */ = {isa = PBXBuildFile; fileRef = BB03B3432C16C27C004FC6CC /* SceneDelegate.swift */; };
		BB03B3462C16C27C004FC6CC /* ViewController.swift in Sources */ = {isa = PBXBuildFile; fileRef = BB03B3452C16C27C004FC6CC /* ViewController.swift */; };
		BB03B3492C16C27C004FC6CC /* Main.storyboard in Resources */ = {isa = PBXBuildFile; fileRef = BB03B3472C16C27C004FC6CC /* Main.storyboard */; };
		BB03B34B2C16C27E004FC6CC /* Assets.xcassets in Resources */ = {isa = PBXBuildFile; fileRef = BB03B34A2C16C27E004FC6CC /* Assets.xcassets */; };
		BB03B34E2C16C27E004FC6CC /* LaunchScreen.storyboard in Resources */ = {isa = PBXBuildFile; fileRef = BB03B34C2C16C27E004FC6CC /* LaunchScreen.storyboard */; };
		BB03B3562C16C3EB004FC6CC /* Struct.swift in Sources */ = {isa = PBXBuildFile; fileRef = BB03B3552C16C3EB004FC6CC /* Struct.swift */; };
		BB03B3582C16C543004FC6CC /* Dog.swift in Sources */ = {isa = PBXBuildFile; fileRef = BB03B3572C16C543004FC6CC /* Dog.swift */; };
/* End PBXBuildFile section */

/* Begin PBXFileReference section */
		BB0365D12C16E13C00A84762 /* CollectionViewController.swift */ = {isa = PBXFileReference; lastKnownFileType = sourcecode.swift; path = CollectionViewController.swift; sourceTree = "<group>"; };
		BB03B33E2C16C27C004FC6CC /* DogAPI.app */ = {isa = PBXFileReference; explicitFileType = wrapper.application; includeInIndex = 0; path = DogAPI.app; sourceTree = BUILT_PRODUCTS_DIR; };
		BB03B3412C16C27C004FC6CC /* AppDelegate.swift */ = {isa = PBXFileReference; lastKnownFileType = sourcecode.swift; path = AppDelegate.swift; sourceTree = "<group>"; };
		BB03B3432C16C27C004FC6CC /* SceneDelegate.swift */ = {isa = PBXFileReference; lastKnownFileType = sourcecode.swift; path = SceneDelegate.swift; sourceTree = "<group>"; };
		BB03B3452C16C27C004FC6CC /* ViewController.swift */ = {isa = PBXFileReference; lastKnownFileType = sourcecode.swift; path = ViewController.swift; sourceTree = "<group>"; };
		BB03B3482C16C27C004FC6CC /* Base */ = {isa = PBXFileReference; lastKnownFileType = file.storyboard; name = Base; path = Base.lproj/Main.storyboard; sourceTree = "<group>"; };
		BB03B34A2C16C27E004FC6CC /* Assets.xcassets */ = {isa = PBXFileReference; lastKnownFileType = folder.assetcatalog; path = Assets.xcassets; sourceTree = "<group>"; };
		BB03B34D2C16C27E004FC6CC /* Base */ = {isa = PBXFileReference; lastKnownFileType = file.storyboard; name = Base; path = Base.lproj/LaunchScreen.storyboard; sourceTree = "<group>"; };
		BB03B34F2C16C27E004FC6CC /* Info.plist */ = {isa = PBXFileReference; lastKnownFileType = text.plist.xml; path = Info.plist; sourceTree = "<group>"; };
		BB03B3552C16C3EB004FC6CC /* Struct.swift */ = {isa = PBXFileReference; lastKnownFileType = sourcecode.swift; path = Struct.swift; sourceTree = "<group>"; };
		BB03B3572C16C543004FC6CC /* Dog.swift */ = {isa = PBXFileReference; lastKnownFileType = sourcecode.swift; path = Dog.swift; sourceTree = "<group>"; };
/* End PBXFileReference section */

/* Begin PBXFrameworksBuildPhase section */
		BB03B33B2C16C27C004FC6CC /* Frameworks */ = {
			isa = PBXFrameworksBuildPhase;
			buildActionMask = 2147483647;
			files = (
			);
			runOnlyForDeploymentPostprocessing = 0;
		};
/* End PBXFrameworksBuildPhase section */

/* Begin PBXGroup section */
		BB03B3352C16C27C004FC6CC = {
			isa = PBXGroup;
			children = (
				BB03B3402C16C27C004FC6CC /* DogAPI */,
				BB03B33F2C16C27C004FC6CC /* Products */,
			);
			sourceTree = "<group>";
		};
		BB03B33F2C16C27C004FC6CC /* Products */ = {
			isa = PBXGroup;
			children = (
				BB03B33E2C16C27C004FC6CC /* DogAPI.app */,
			);
			name = Products;
			sourceTree = "<group>";
		};
		BB03B3402C16C27C004FC6CC /* DogAPI */ = {
			isa = PBXGroup;
			children = (
				BB03B3412C16C27C004FC6CC /* AppDelegate.swift */,
				BB03B3432C16C27C004FC6CC /* SceneDelegate.swift */,
				BBC17DF32C192D1E00EFE543 /* View */,
				BBC17DF12C192C5500EFE543 /* Model */,
				BBC17DF22C192C8E00EFE543 /* Controller */,
				BB03B34A2C16C27E004FC6CC /* Assets.xcassets */,
				BB03B34F2C16C27E004FC6CC /* Info.plist */,
			);
			path = DogAPI;
			sourceTree = "<group>";
		};
		BBC17DF12C192C5500EFE543 /* Model */ = {
			isa = PBXGroup;
			children = (
				BB03B3552C16C3EB004FC6CC /* Struct.swift */,
				BB03B3572C16C543004FC6CC /* Dog.swift */,
			);
			path = Model;
			sourceTree = "<group>";
		};
		BBC17DF22C192C8E00EFE543 /* Controller */ = {
			isa = PBXGroup;
			children = (
				BB03B3452C16C27C004FC6CC /* ViewController.swift */,
				BB0365D12C16E13C00A84762 /* CollectionViewController.swift */,
			);
			path = Controller;
			sourceTree = "<group>";
		};
		BBC17DF32C192D1E00EFE543 /* View */ = {
			isa = PBXGroup;
			children = (
				BB03B3472C16C27C004FC6CC /* Main.storyboard */,
				BB03B34C2C16C27E004FC6CC /* LaunchScreen.storyboard */,
			);
			path = View;
			sourceTree = "<group>";
		};
/* End PBXGroup section */

/* Begin PBXNativeTarget section */
		BB03B33D2C16C27C004FC6CC /* DogAPI */ = {
			isa = PBXNativeTarget;
			buildConfigurationList = BB03B3522C16C27E004FC6CC /* Build configuration list for PBXNativeTarget "DogAPI" */;
			buildPhases = (
				BB03B33A2C16C27C004FC6CC /* Sources */,
				BB03B33B2C16C27C004FC6CC /* Frameworks */,
				BB03B33C2C16C27C004FC6CC /* Resources */,
			);
			buildRules = (
			);
			dependencies = (
			);
			name = DogAPI;
			productName = DogAPI;
			productReference = BB03B33E2C16C27C004FC6CC /* DogAPI.app */;
			productType = "com.apple.product-type.application";
		};
/* End PBXNativeTarget section */

/* Begin PBXProject section */
		BB03B3362C16C27C004FC6CC /* Project object */ = {
			isa = PBXProject;
			attributes = {
				BuildIndependentTargetsInParallel = 1;
				LastSwiftUpdateCheck = 1430;
				LastUpgradeCheck = 1430;
				TargetAttributes = {
					BB03B33D2C16C27C004FC6CC = {
						CreatedOnToolsVersion = 14.3.1;
					};
				};
			};
			buildConfigurationList = BB03B3392C16C27C004FC6CC /* Build configuration list for PBXProject "DogAPI" */;
			compatibilityVersion = "Xcode 14.0";
			developmentRegion = en;
			hasScannedForEncodings = 0;
			knownRegions = (
				en,
				Base,
			);
			mainGroup = BB03B3352C16C27C004FC6CC;
			productRefGroup = BB03B33F2C16C27C004FC6CC /* Products */;
			projectDirPath = "";
			projectRoot = "";
			targets = (
				BB03B33D2C16C27C004FC6CC /* DogAPI */,
			);
		};
/* End PBXProject section */

/* Begin PBXResourcesBuildPhase section */
		BB03B33C2C16C27C004FC6CC /* Resources */ = {
			isa = PBXResourcesBuildPhase;
			buildActionMask = 2147483647;
			files = (
				BB03B34E2C16C27E004FC6CC /* LaunchScreen.storyboard in Resources */,
				BB03B34B2C16C27E004FC6CC /* Assets.xcassets in Resources */,
				BB03B3492C16C27C004FC6CC /* Main.storyboard in Resources */,
			);
			runOnlyForDeploymentPostprocessing = 0;
		};
/* End PBXResourcesBuildPhase section */

/* Begin PBXSourcesBuildPhase section */
		BB03B33A2C16C27C004FC6CC /* Sources */ = {
			isa = PBXSourcesBuildPhase;
			buildActionMask = 2147483647;
			files = (
				BB0365D22C16E13C00A84762 /* CollectionViewController.swift in Sources */,
				BB03B3562C16C3EB004FC6CC /* Struct.swift in Sources */,
				BB03B3462C16C27C004FC6CC /* ViewController.swift in Sources */,
				BB03B3422C16C27C004FC6CC /* AppDelegate.swift in Sources */,
				BB03B3582C16C543004FC6CC /* Dog.swift in Sources */,
				BB03B3442C16C27C004FC6CC /* SceneDelegate.swift in Sources */,
			);
			runOnlyForDeploymentPostprocessing = 0;
		};
/* End PBXSourcesBuildPhase section */

/* Begin PBXVariantGroup section */
		BB03B3472C16C27C004FC6CC /* Main.storyboard */ = {
			isa = PBXVariantGroup;
			children = (
				BB03B3482C16C27C004FC6CC /* Base */,
			);
			name = Main.storyboard;
			sourceTree = "<group>";
		};
		BB03B34C2C16C27E004FC6CC /* LaunchScreen.storyboard */ = {
			isa = PBXVariantGroup;
			children = (
				BB03B34D2C16C27E004FC6CC /* Base */,
			);
			name = LaunchScreen.storyboard;
			sourceTree = "<group>";
		};
/* End PBXVariantGroup section */

/* Begin XCBuildConfiguration section */
		BB03B3502C16C27E004FC6CC /* Debug */ = {
			isa = XCBuildConfiguration;
			buildSettings = {
				ALWAYS_SEARCH_USER_PATHS = NO;
				CLANG_ANALYZER_NONNULL = YES;
				CLANG_ANALYZER_NUMBER_OBJECT_CONVERSION = YES_AGGRESSIVE;
				CLANG_CXX_LANGUAGE_STANDARD = "gnu++20";
				CLANG_ENABLE_MODULES = YES;
				CLANG_ENABLE_OBJC_ARC = YES;
				CLANG_ENABLE_OBJC_WEAK = YES;
				CLANG_WARN_BLOCK_CAPTURE_AUTORELEASING = YES;
				CLANG_WARN_BOOL_CONVERSION = YES;
				CLANG_WARN_COMMA = YES;
				CLANG_WARN_CONSTANT_CONVERSION = YES;
				CLANG_WARN_DEPRECATED_OBJC_IMPLEMENTATIONS = YES;
				CLANG_WARN_DIRECT_OBJC_ISA_USAGE = YES_ERROR;
				CLANG_WARN_DOCUMENTATION_COMMENTS = YES;
				CLANG_WARN_EMPTY_BODY = YES;
				CLANG_WARN_ENUM_CONVERSION = YES;
				CLANG_WARN_INFINITE_RECURSION = YES;
				CLANG_WARN_INT_CONVERSION = YES;
				CLANG_WARN_NON_LITERAL_NULL_CONVERSION = YES;
				CLANG_WARN_OBJC_IMPLICIT_RETAIN_SELF = YES;
				CLANG_WARN_OBJC_LITERAL_CONVERSION = YES;
				CLANG_WARN_OBJC_ROOT_CLASS = YES_ERROR;
				CLANG_WARN_QUOTED_INCLUDE_IN_FRAMEWORK_HEADER = YES;
				CLANG_WARN_RANGE_LOOP_ANALYSIS = YES;
				CLANG_WARN_STRICT_PROTOTYPES = YES;
				CLANG_WARN_SUSPICIOUS_MOVE = YES;
				CLANG_WARN_UNGUARDED_AVAILABILITY = YES_AGGRESSIVE;
				CLANG_WARN_UNREACHABLE_CODE = YES;
				CLANG_WARN__DUPLICATE_METHOD_MATCH = YES;
				COPY_PHASE_STRIP = NO;
				DEBUG_INFORMATION_FORMAT = dwarf;
				ENABLE_STRICT_OBJC_MSGSEND = YES;
				ENABLE_TESTABILITY = YES;
				GCC_C_LANGUAGE_STANDARD = gnu11;
				GCC_DYNAMIC_NO_PIC = NO;
				GCC_NO_COMMON_BLOCKS = YES;
				GCC_OPTIMIZATION_LEVEL = 0;
				GCC_PREPROCESSOR_DEFINITIONS = (
					"DEBUG=1",
					"$(inherited)",
				);
				GCC_WARN_64_TO_32_BIT_CONVERSION = YES;
				GCC_WARN_ABOUT_RETURN_TYPE = YES_ERROR;
				GCC_WARN_UNDECLARED_SELECTOR = YES;
				GCC_WARN_UNINITIALIZED_AUTOS = YES_AGGRESSIVE;
				GCC_WARN_UNUSED_FUNCTION = YES;
				GCC_WARN_UNUSED_VARIABLE = YES;
				IPHONEOS_DEPLOYMENT_TARGET = 16.4;
				MTL_ENABLE_DEBUG_INFO = INCLUDE_SOURCE;
				MTL_FAST_MATH = YES;
				ONLY_ACTIVE_ARCH = YES;
				SDKROOT = iphoneos;
				SWIFT_ACTIVE_COMPILATION_CONDITIONS = DEBUG;
				SWIFT_OPTIMIZATION_LEVEL = "-Onone";
			};
			name = Debug;
		};
		BB03B3512C16C27E004FC6CC /* Release */ = {
			isa = XCBuildConfiguration;
			buildSettings = {
				ALWAYS_SEARCH_USER_PATHS = NO;
				CLANG_ANALYZER_NONNULL = YES;
				CLANG_ANALYZER_NUMBER_OBJECT_CONVERSION = YES_AGGRESSIVE;
				CLANG_CXX_LANGUAGE_STANDARD = "gnu++20";
				CLANG_ENABLE_MODULES = YES;
				CLANG_ENABLE_OBJC_ARC = YES;
				CLANG_ENABLE_OBJC_WEAK = YES;
				CLANG_WARN_BLOCK_CAPTURE_AUTORELEASING = YES;
				CLANG_WARN_BOOL_CONVERSION = YES;
				CLANG_WARN_COMMA = YES;
				CLANG_WARN_CONSTANT_CONVERSION = YES;
				CLANG_WARN_DEPRECATED_OBJC_IMPLEMENTATIONS = YES;
				CLANG_WARN_DIRECT_OBJC_ISA_USAGE = YES_ERROR;
				CLANG_WARN_DOCUMENTATION_COMMENTS = YES;
				CLANG_WARN_EMPTY_BODY = YES;
				CLANG_WARN_ENUM_CONVERSION = YES;
				CLANG_WARN_INFINITE_RECURSION = YES;
				CLANG_WARN_INT_CONVERSION = YES;
				CLANG_WARN_NON_LITERAL_NULL_CONVERSION = YES;
				CLANG_WARN_OBJC_IMPLICIT_RETAIN_SELF = YES;
				CLANG_WARN_OBJC_LITERAL_CONVERSION = YES;
				CLANG_WARN_OBJC_ROOT_CLASS = YES_ERROR;
				CLANG_WARN_QUOTED_INCLUDE_IN_FRAMEWORK_HEADER = YES;
				CLANG_WARN_RANGE_LOOP_ANALYSIS = YES;
				CLANG_WARN_STRICT_PROTOTYPES = YES;
				CLANG_WARN_SUSPICIOUS_MOVE = YES;
				CLANG_WARN_UNGUARDED_AVAILABILITY = YES_AGGRESSIVE;
				CLANG_WARN_UNREACHABLE_CODE = YES;
				CLANG_WARN__DUPLICATE_METHOD_MATCH = YES;
				COPY_PHASE_STRIP = NO;
				DEBUG_INFORMATION_FORMAT = "dwarf-with-dsym";
				ENABLE_NS_ASSERTIONS = NO;
				ENABLE_STRICT_OBJC_MSGSEND = YES;
				GCC_C_LANGUAGE_STANDARD = gnu11;
				GCC_NO_COMMON_BLOCKS = YES;
				GCC_WARN_64_TO_32_BIT_CONVERSION = YES;
				GCC_WARN_ABOUT_RETURN_TYPE = YES_ERROR;
				GCC_WARN_UNDECLARED_SELECTOR = YES;
				GCC_WARN_UNINITIALIZED_AUTOS = YES_AGGRESSIVE;
				GCC_WARN_UNUSED_FUNCTION = YES;
				GCC_WARN_UNUSED_VARIABLE = YES;
				IPHONEOS_DEPLOYMENT_TARGET = 16.4;
				MTL_ENABLE_DEBUG_INFO = NO;
				MTL_FAST_MATH = YES;
				SDKROOT = iphoneos;
				SWIFT_COMPILATION_MODE = wholemodule;
				SWIFT_OPTIMIZATION_LEVEL = "-O";
				VALIDATE_PRODUCT = YES;
			};
			name = Release;
		};
		BB03B3532C16C27E004FC6CC /* Debug */ = {
			isa = XCBuildConfiguration;
			buildSettings = {
				ASSETCATALOG_COMPILER_APPICON_NAME = AppIcon;
				ASSETCATALOG_COMPILER_GLOBAL_ACCENT_COLOR_NAME = AccentColor;
				CODE_SIGN_STYLE = Automatic;
				CURRENT_PROJECT_VERSION = 1;
				GENERATE_INFOPLIST_FILE = YES;
				INFOPLIST_FILE = DogAPI/Info.plist;
				INFOPLIST_KEY_UIApplicationSupportsIndirectInputEvents = YES;
				INFOPLIST_KEY_UILaunchStoryboardName = LaunchScreen;
				INFOPLIST_KEY_UIMainStoryboardFile = Main;
				INFOPLIST_KEY_UISupportedInterfaceOrientations_iPad = "UIInterfaceOrientationPortrait UIInterfaceOrientationPortraitUpsideDown UIInterfaceOrientationLandscapeLeft UIInterfaceOrientationLandscapeRight";
				INFOPLIST_KEY_UISupportedInterfaceOrientations_iPhone = "UIInterfaceOrientationPortrait UIInterfaceOrientationLandscapeLeft UIInterfaceOrientationLandscapeRight";
				LD_RUNPATH_SEARCH_PATHS = (
					"$(inherited)",
					"@executable_path/Frameworks",
				);
				MARKETING_VERSION = 1.0;
				PRODUCT_BUNDLE_IDENTIFIER = "Nunoichi-Tatsuya.DogAPI";
				PRODUCT_NAME = "$(TARGET_NAME)";
				SWIFT_EMIT_LOC_STRINGS = YES;
				SWIFT_VERSION = 5.0;
				TARGETED_DEVICE_FAMILY = "1,2";
			};
			name = Debug;
		};
		BB03B3542C16C27E004FC6CC /* Release */ = {
			isa = XCBuildConfiguration;
			buildSettings = {
				ASSETCATALOG_COMPILER_APPICON_NAME = AppIcon;
				ASSETCATALOG_COMPILER_GLOBAL_ACCENT_COLOR_NAME = AccentColor;
				CODE_SIGN_STYLE = Automatic;
				CURRENT_PROJECT_VERSION = 1;
				GENERATE_INFOPLIST_FILE = YES;
				INFOPLIST_FILE = DogAPI/Info.plist;
				INFOPLIST_KEY_UIApplicationSupportsIndirectInputEvents = YES;
				INFOPLIST_KEY_UILaunchStoryboardName = LaunchScreen;
				INFOPLIST_KEY_UIMainStoryboardFile = Main;
				INFOPLIST_KEY_UISupportedInterfaceOrientations_iPad = "UIInterfaceOrientationPortrait UIInterfaceOrientationPortraitUpsideDown UIInterfaceOrientationLandscapeLeft UIInterfaceOrientationLandscapeRight";
				INFOPLIST_KEY_UISupportedInterfaceOrientations_iPhone = "UIInterfaceOrientationPortrait UIInterfaceOrientationLandscapeLeft UIInterfaceOrientationLandscapeRight";
				LD_RUNPATH_SEARCH_PATHS = (
					"$(inherited)",
					"@executable_path/Frameworks",
				);
				MARKETING_VERSION = 1.0;
				PRODUCT_BUNDLE_IDENTIFIER = "Nunoichi-Tatsuya.DogAPI";
				PRODUCT_NAME = "$(TARGET_NAME)";
				SWIFT_EMIT_LOC_STRINGS = YES;
				SWIFT_VERSION = 5.0;
				TARGETED_DEVICE_FAMILY = "1,2";
			};
			name = Release;
		};
/* End XCBuildConfiguration section */

/* Begin XCConfigurationList section */
		BB03B3392C16C27C004FC6CC /* Build configuration list for PBXProject "DogAPI" */ = {
			isa = XCConfigurationList;
			buildConfigurations = (
				BB03B3502C16C27E004FC6CC /* Debug */,
				BB03B3512C16C27E004FC6CC /* Release */,
			);
			defaultConfigurationIsVisible = 0;
			defaultConfigurationName = Release;
		};
		BB03B3522C16C27E004FC6CC /* Build configuration list for PBXNativeTarget "DogAPI" */ = {
			isa = XCConfigurationList;
			buildConfigurations = (
				BB03B3532C16C27E004FC6CC /* Debug */,
				BB03B3542C16C27E004FC6CC /* Release */,
			);
			defaultConfigurationIsVisible = 0;
			defaultConfigurationName = Release;
		};
/* End XCConfigurationList section */
	};
	rootObject = BB03B3362C16C27C004FC6CC /* Project object */;
}
